cloud.google.com/go v0.110.8 h1:tyNdfIxjzaWctIiLYOTalaLKZ17SI44SKFW26QbOhME=
cloud.google.com/go v0.110.8/go.mod h1:Iz8AkXJf1qmxC3Oxoep8R1T36w8B92yU29PcBhHO5fk=
cloud.google.com/go/accessapproval v1.7.1 h1:/5YjNhR6lzCvmJZAnByYkfEgWjfAKwYP6nkuTk6nKFE=
cloud.google.com/go/accessapproval v1.7.1/go.mod h1:JYczztsHRMK7NTXb6Xw+dwbs/WnOJxbo/2mTI+Kgg68=
cloud.google.com/go/accesscontextmanager v1.8.1 h1:WIAt9lW9AXtqw/bnvrEUaE8VG/7bAAeMzRCBGMkc4+w=
cloud.google.com/go/accesscontextmanager v1.8.1/go.mod h1:JFJHfvuaTC+++1iL1coPiG1eu5D24db2wXCDWDjIrxo=
cloud.google.com/go/aiplatform v1.50.0 h1:J89aj+lqwtjn0qpQBMVaiOmDxBkKDEKUwl+GL19RRpc=
cloud.google.com/go/aiplatform v1.50.0/go.mod h1:IRc2b8XAMTa9ZmfJV1BCCQbieWWvDnP1A8znyz5N7y4=
cloud.google.com/go/analytics v0.21.3 h1:TFBC1ZAqX9/jL56GEXdLrVe5vT3I22bDVWyDwZX4IEg=
cloud.google.com/go/analytics v0.21.3/go.mod h1:U8dcUtmDmjrmUTnnnRnI4m6zKn/yaA5N9RlEkYFHpQo=
cloud.google.com/go/apigateway v1.6.1 h1:aBSwCQPcp9rZ0zVEUeJbR623palnqtvxJlUyvzsKGQc=
cloud.google.com/go/apigateway v1.6.1/go.mod h1:ufAS3wpbRjqfZrzpvLC2oh0MFlpRJm2E/ts25yyqmXA=
cloud.google.com/go/apigeeconnect v1.6.1 h1:6u/jj0P2c3Mcm+H9qLsXI7gYcTiG9ueyQL3n6vCmFJM=
cloud.google.com/go/apigeeconnect v1.6.1/go.mod h1:C4awq7x0JpLtrlQCr8AzVIzAaYgngRqWf9S5Uhg+wWs=
cloud.google.com/go/apigeeregistry v0.7.1 h1:hgq0ANLDx7t2FDZDJQrCMtCtddR/pjCqVuvQWGrQbXw=
cloud.google.com/go/apigeeregistry v0.7.1/go.mod h1:1XgyjZye4Mqtw7T9TsY4NW10U7BojBvG4RMD+vRDrIw=
cloud.google.com/go/appengine v1.8.1 h1:J+aaUZ6IbTpBegXbmEsh8qZZy864ZVnOoWyfa1XSNbI=
cloud.google.com/go/appengine v1.8.1/go.mod h1:6NJXGLVhZCN9aQ/AEDvmfzKEfoYBlfB80/BHiKVputY=
cloud.google.com/go/area120 v0.8.1 h1:wiOq3KDpdqXmaHzvZwKdpoM+3lDcqsI2Lwhyac7stss=
cloud.google.com/go/area120 v0.8.1/go.mod h1:BVfZpGpB7KFVNxPiQBuHkX6Ed0rS51xIgmGyjrAfzsg=
cloud.google.com/go/artifactregistry v1.14.1 h1:k6hNqab2CubhWlGcSzunJ7kfxC7UzpAfQ1UPb9PDCKI=
cloud.google.com/go/artifactregistry v1.14.1/go.mod h1:nxVdG19jTaSTu7yA7+VbWL346r3rIdkZ142BSQqhn5E=
cloud.google.com/go/asset v1.14.1 h1:vlHdznX70eYW4V1y1PxocvF6tEwxJTTarwIGwOhFF3U=
cloud.google.com/go/asset v1.14.1/go.mod h1:4bEJ3dnHCqWCDbWJ/6Vn7GVI9LerSi7Rfdi03hd+WTQ=
cloud.google.com/go/assuredworkloads v1.11.1 h1:yaO0kwS+SnhVSTF7BqTyVGt3DTocI6Jqo+S3hHmCwNk=
cloud.google.com/go/assuredworkloads v1.11.1/go.mod h1:+F04I52Pgn5nmPG36CWFtxmav6+7Q+c5QyJoL18Lry0=
cloud.google.com/go/automl v1.13.1 h1:iP9iQurb0qbz+YOOMfKSEjhONA/WcoOIjt6/m+6pIgo=
cloud.google.com/go/automl v1.13.1/go.mod h1:1aowgAHWYZU27MybSCFiukPO7xnyawv7pt3zK4bheQE=
cloud.google.com/go/baremetalsolution v1.2.0 h1:3zztyuQHjfU0C0qEsI9LkC3kf5/TQQ3jUJhbmetUoRA=
cloud.google.com/go/baremetalsolution v1.2.0/go.mod h1:68wi9AwPYkEWIUT4SvSGS9UJwKzNpshjHsH4lzk8iOw=
cloud.google.com/go/batch v1.4.1 h1:/4ADpZKoKH300HN2SB6aI7lXX/0hnnbR74wxjLHkyQo=
cloud.google.com/go/batch v1.4.1/go.mod h1:KdBmDD61K0ovcxoRHGrN6GmOBWeAOyCgKD0Mugx4Fkk=
cloud.google.com/go/beyondcorp v1.0.0 h1:VPg+fZXULQjs8LiMeWdLaB5oe8G9sEoZ0I0j6IMiG1Q=
cloud.google.com/go/beyondcorp v1.0.0/go.mod h1:YhxDWw946SCbmcWo3fAhw3V4XZMSpQ/VYfcKGAEU8/4=
cloud.google.com/go/bigquery v1.55.0 h1:hs44Xxov3XLWQiCx2J8lK5U/ihLqnpm4RVVl5fdtLLI=
cloud.google.com/go/bigquery v1.55.0/go.mod h1:9Y5I3PN9kQWuid6183JFhOGOW3GcirA5LpsKCUn+2ec=
cloud.google.com/go/billing v1.17.0 h1:CpagWXb/+QNye+vouomndbc4Gsr0uo+AGR24V16uk8Q=
cloud.google.com/go/billing v1.17.0/go.mod h1:Z9+vZXEq+HwH7bhJkyI4OQcR6TSbeMrjlpEjO2vzY64=
cloud.google.com/go/binaryauthorization v1.7.0 h1:7L6uUWo/xNCfdVNnnzh2M4x5YA732YPgqRdCG8aKVAU=
cloud.google.com/go/binaryauthorization v1.7.0/go.mod h1:Zn+S6QqTMn6odcMU1zDZCJxPjU2tZPV1oDl45lWY154=
cloud.google.com/go/certificatemanager v1.7.1 h1:uKsohpE0hiobx1Eak9jNcPCznwfB6gvyQCcS28Ah9E8=
cloud.google.com/go/certificatemanager v1.7.1/go.mod h1:iW8J3nG6SaRYImIa+wXQ0g8IgoofDFRp5UMzaNk1UqI=
cloud.google.com/go/channel v1.17.0 h1:Hy2EaOiOB7BS1IJmg2lLilEo8uMfFWTy7RgjTzbUqjM=
cloud.google.com/go/channel v1.17.0/go.mod h1:RpbhJsGi/lXWAUM1eF4IbQGbsfVlg2o8Iiy2/YLfVT0=
cloud.google.com/go/cloudbuild v1.14.0 h1:YTMxmFra7eIjKFgnyQUxOwWNseNqeO38kGh7thy7v4s=
cloud.google.com/go/cloudbuild v1.14.0/go.mod h1:lyJg7v97SUIPq4RC2sGsz/9tNczhyv2AjML/ci4ulzU=
cloud.google.com/go/clouddms v1.7.0 h1:vTcaFaFZTZZ11gXB6aZHdAx+zn30P8YJw4X/S3NC+VQ=
cloud.google.com/go/clouddms v1.7.0/go.mod h1:MW1dC6SOtI/tPNCciTsXtsGNEM0i0OccykPvv3hiYeM=
cloud.google.com/go/cloudtasks v1.12.1 h1:cMh9Q6dkvh+Ry5LAPbD/U2aw6KAqdiU6FttwhbTo69w=
cloud.google.com/go/cloudtasks v1.12.1/go.mod h1:a9udmnou9KO2iulGscKR0qBYjreuX8oHwpmFsKspEvM=
cloud.google.com/go/compute v1.23.0 h1:tP41Zoavr8ptEqaW6j+LQOnyBBhO7OkOMAGrgLopTwY=
cloud.google.com/go/compute v1.23.0/go.mod h1:4tCnrn48xsqlwSAiLf1HXMQk8CONslYbdiEZc9FEIbM=
cloud.google.com/go/contactcenterinsights v1.10.0 h1:YR2aPedGVQPpFBZXJnPkqRj8M//8veIZZH5ZvICoXnI=
cloud.google.com/go/contactcenterinsights v1.10.0/go.mod h1:bsg/R7zGLYMVxFFzfh9ooLTruLRCG9fnzhH9KznHhbM=
cloud.google.com/go/container v1.26.0 h1:SszQdI0qlyKsImz8/l26rpTZMyqvaH9yfua7rirDZvY=
cloud.google.com/go/container v1.26.0/go.mod h1:YJCmRet6+6jnYYRS000T6k0D0xUXQgBSaJ7VwI8FBj4=
cloud.google.com/go/containeranalysis v0.11.0 h1:/EsoP+UTIjvl4yqrLA4WgUG83kwQhqZmbXEfqirT2LM=
cloud.google.com/go/containeranalysis v0.11.0/go.mod h1:4n2e99ZwpGxpNcz+YsFT1dfOHPQFGcAC8FN2M2/ne/U=
cloud.google.com/go/datacatalog v1.17.1 h1:qGWrlYvWtK+8jD1jhwq5BsGoSr7S4/LOroV7LwXi00g=
cloud.google.com/go/datacatalog v1.17.1/go.mod h1:nCSYFHgtxh2MiEktWIz71s/X+7ds/UT9kp0PC7waCzE=
cloud.google.com/go/dataflow v0.9.1 h1:VzG2tqsk/HbmOtq/XSfdF4cBvUWRK+S+oL9k4eWkENQ=
cloud.google.com/go/dataflow v0.9.1/go.mod h1:Wp7s32QjYuQDWqJPFFlnBKhkAtiFpMTdg00qGbnIHVw=
cloud.google.com/go/dataform v0.8.1 h1:xcWso0hKOoxeW72AjBSIp/UfkvpqHNzzS0/oygHlcqY=
cloud.google.com/go/dataform v0.8.1/go.mod h1:3BhPSiw8xmppbgzeBbmDvmSWlwouuJkXsXsb8UBih9M=
cloud.google.com/go/datafusion v1.7.1 h1:eX9CZoyhKQW6g1Xj7+RONeDj1mV8KQDKEB9KLELX9/8=
cloud.google.com/go/datafusion v1.7.1/go.mod h1:KpoTBbFmoToDExJUso/fcCiguGDk7MEzOWXUsJo0wsI=
cloud.google.com/go/datalabeling v0.8.1 h1:zxsCD/BLKXhNuRssen8lVXChUj8VxF3ofN06JfdWOXw=
cloud.google.com/go/datalabeling v0.8.1/go.mod h1:XS62LBSVPbYR54GfYQsPXZjTW8UxCK2fkDciSrpRFdY=
cloud.google.com/go/dataplex v1.9.1 h1:wqPAP1vRskOoWwNka1yey2wxxCrxRrcxJf78MyFvrbs=
cloud.google.com/go/dataplex v1.9.1/go.mod h1:7TyrDT6BCdI8/38Uvp0/ZxBslOslP2X2MPDucliyvSE=
cloud.google.com/go/dataproc/v2 v2.2.0 h1:jKijbdsERm2hy/5dFl/LeQN+7CNssLdGXQYBMvMH/M4=
cloud.google.com/go/dataproc/v2 v2.2.0/go.mod h1:lZR7AQtwZPvmINx5J87DSOOpTfof9LVZju6/Qo4lmcY=
cloud.google.com/go/dataqna v0.8.1 h1:ITpUJep04hC9V7C+gcK390HO++xesQFSUJ7S4nSnF3U=
cloud.google.com/go/dataqna v0.8.1/go.mod h1:zxZM0Bl6liMePWsHA8RMGAfmTG34vJMapbHAxQ5+WA8=
cloud.google.com/go/datastore v1.14.0 h1:Mq0ApTRdLW3/dyiw+DkjTk0+iGIUvkbzaC8sfPwWTH4=
cloud.google.com/go/datastore v1.14.0/go.mod h1:GAeStMBIt9bPS7jMJA85kgkpsMkvseWWXiaHya9Jes8=
cloud.google.com/go/datastream v1.10.0 h1:ra/+jMv36zTAGPfi8TRne1hXme+UsKtdcK4j6bnqQiw=
cloud.google.com/go/datastream v1.10.0/go.mod h1:hqnmr8kdUBmrnk65k5wNRoHSCYksvpdZIcZIEl8h43Q=
cloud.google.com/go/deploy v1.13.0 h1:A+w/xpWgz99EYzB6e31gMGAI/P5jTZ2UO7veQK5jQ8o=
cloud.google.com/go/deploy v1.13.0/go.mod h1:tKuSUV5pXbn67KiubiUNUejqLs4f5cxxiCNCeyl0F2g=
cloud.google.com/go/dialogflow v1.43.0 h1:0hBV5ipVbhYNKCyiBoM47bUt+43Kd8eWXhBr+pwUSTw=
cloud.google.com/go/dialogflow v1.43.0/go.mod h1:pDUJdi4elL0MFmt1REMvFkdsUTYSHq+rTCS8wg0S3+M=
cloud.google.com/go/dlp v1.10.1 h1:tF3wsJ2QulRhRLWPzWVkeDz3FkOGVoMl6cmDUHtfYxw=
cloud.google.com/go/dlp v1.10.1/go.mod h1:IM8BWz1iJd8njcNcG0+Kyd9OPnqnRNkDV8j42VT5KOI=
cloud.google.com/go/documentai v1.22.1 h1:cBndyac7kPWwSuhUcgdbnqzszfZ57HBEHfD33DIwsBM=
cloud.google.com/go/documentai v1.22.1/go.mod h1:LKs22aDHbJv7ufXuPypzRO7rG3ALLJxzdCXDPutw4Qc=
cloud.google.com/go/domains v0.9.1 h1:rqz6KY7mEg7Zs/69U6m6LMbB7PxFDWmT3QWNXIqhHm0=
cloud.google.com/go/domains v0.9.1/go.mod h1:aOp1c0MbejQQ2Pjf1iJvnVyT+z6R6s8pX66KaCSDYfE=
cloud.google.com/go/edgecontainer v1.1.1 h1:zhHWnLzg6AqzE+I3gzJqiIwHfjEBhWctNQEzqb+FaRo=
cloud.google.com/go/edgecontainer v1.1.1/go.mod h1:O5bYcS//7MELQZs3+7mabRqoWQhXCzenBu0R8bz2rwk=
cloud.google.com/go/errorreporting v0.3.0 h1:kj1XEWMu8P0qlLhm3FwcaFsUvXChV/OraZwA70trRR0=
cloud.google.com/go/errorreporting v0.3.0/go.mod h1:xsP2yaAp+OAW4OIm60An2bbLpqIhKXdWR/tawvl7QzU=
cloud.google.com/go/essentialcontacts v1.6.2 h1:OEJ0MLXXCW/tX1fkxzEZOsv/wRfyFsvDVNaHWBAvoV0=
cloud.google.com/go/essentialcontacts v1.6.2/go.mod h1:T2tB6tX+TRak7i88Fb2N9Ok3PvY3UNbUsMag9/BARh4=
cloud.google.com/go/eventarc v1.13.0 h1:xIP3XZi0Xawx8DEfh++mE2lrIi5kQmCr/KcWhJ1q0J4=
cloud.google.com/go/eventarc v1.13.0/go.mod h1:mAFCW6lukH5+IZjkvrEss+jmt2kOdYlN8aMx3sRJiAI=
cloud.google.com/go/filestore v1.7.1 h1:Eiz8xZzMJc5ppBWkuaod/PUdUZGCFR8ku0uS+Ah2fRw=
cloud.google.com/go/filestore v1.7.1/go.mod h1:y10jsorq40JJnjR/lQ8AfFbbcGlw3g+Dp8oN7i7FjV4=
cloud.google.com/go/firestore v1.13.0 h1:/3S4RssUV4GO/kvgJZB+tayjhOfyAHs+KcpJgRVu/Qk=
cloud.google.com/go/firestore v1.13.0/go.mod h1:QojqqOh8IntInDUSTAh0c8ZsPYAr68Ma8c5DWOy8xb8=
cloud.google.com/go/functions v1.15.1 h1:LtAyqvO1TFmNLcROzHZhV0agEJfBi+zfMZsF4RT/a7U=
cloud.google.com/go/functions v1.15.1/go.mod h1:P5yNWUTkyU+LvW/S9O6V+V423VZooALQlqoXdoPz5AE=
cloud.google.com/go/gkebackup v1.3.1 h1:Kfha8SOF2tqsu4O4jVle66mk7qNdlJ2KhL3E2YyiNZc=
cloud.google.com/go/gkebackup v1.3.1/go.mod h1:vUDOu++N0U5qs4IhG1pcOnD1Mac79xWy6GoBFlWCWBU=
cloud.google.com/go/gkeconnect v0.8.1 h1:a1ckRvVznnuvDWESM2zZDzSVFvggeBaVY5+BVB8tbT0=
cloud.google.com/go/gkeconnect v0.8.1/go.mod h1:KWiK1g9sDLZqhxB2xEuPV8V9NYzrqTUmQR9shJHpOZw=
cloud.google.com/go/gkehub v0.14.1 h1:2BLSb8i+Co1P05IYCKATXy5yaaIw/ZqGvVSBTLdzCQo=
cloud.google.com/go/gkehub v0.14.1/go.mod h1:VEXKIJZ2avzrbd7u+zeMtW00Y8ddk/4V9511C9CQGTY=
cloud.google.com/go/gkemulticloud v1.0.0 h1:MluqhtPVZReoriP5+adGIw+ij/RIeRik8KApCW2WMTw=
cloud.google.com/go/gkemulticloud v1.0.0/go.mod h1:kbZ3HKyTsiwqKX7Yw56+wUGwwNZViRnxWK2DVknXWfw=
cloud.google.com/go/gsuiteaddons v1.6.1 h1:mi9jxZpzVjLQibTS/XfPZvl+Jr6D5Bs8pGqUjllRb00=
cloud.google.com/go/gsuiteaddons v1.6.1/go.mod h1:CodrdOqRZcLp5WOwejHWYBjZvfY0kOphkAKpF/3qdZY=
cloud.google.com/go/iam v1.1.2 h1:gacbrBdWcoVmGLozRuStX45YKvJtzIjJdAolzUs1sm4=
cloud.google.com/go/iam v1.1.2/go.mod h1:A5avdyVL2tCppe4unb0951eI9jreack+RJ0/d+KUZOU=
cloud.google.com/go/iap v1.9.0 h1:RNhVq/6OMI99/wjPVhqFxjlBxYOBRdaG6rLpBvyaqYY=
cloud.google.com/go/iap v1.9.0/go.mod h1:01OFxd1R+NFrg78S+hoPV5PxEzv22HXaNqUUlmNHFuY=
cloud.google.com/go/ids v1.4.1 h1:khXYmSoDDhWGEVxHl4c4IgbwSRR+qE/L4hzP3vaU9Hc=
cloud.google.com/go/ids v1.4.1/go.mod h1:np41ed8YMU8zOgv53MMMoCntLTn2lF+SUzlM+O3u/jw=
cloud.google.com/go/iot v1.7.1 h1:yrH0OSmicD5bqGBoMlWG8UltzdLkYzNUwNVUVz7OT54=
cloud.google.com/go/iot v1.7.1/go.mod h1:46Mgw7ev1k9KqK1ao0ayW9h0lI+3hxeanz+L1zmbbbk=
cloud.google.com/go/kms v1.15.2 h1:lh6qra6oC4AyWe5fUUUBe/S27k12OHAleOOOw6KakdE=
cloud.google.com/go/kms v1.15.2/go.mod h1:3hopT4+7ooWRCjc2DxgnpESFxhIraaI2IpAVUEhbT/w=
cloud.google.com/go/language v1.11.0 h1:KnYolG0T5Oex722ZW/sP5QErhVAVNcqpJ16tVJd9RTw=
cloud.google.com/go/language v1.11.0/go.mod h1:uDx+pFDdAKTY8ehpWbiXyQdz8tDSYLJbQcXsCkjYyvQ=
cloud.google.com/go/lifesciences v0.9.1 h1:axkANGx1wiBXHiPcJZAE+TDjjYoJRIDzbHC/WYllCBU=
cloud.google.com/go/lifesciences v0.9.1/go.mod h1:hACAOd1fFbCGLr/+weUKRAJas82Y4vrL3O5326N//Wc=
cloud.google.com/go/logging v1.8.1 h1:26skQWPeYhvIasWKm48+Eq7oUqdcdbwsCVwz5Ys0FvU=
cloud.google.com/go/logging v1.8.1/go.mod h1:TJjR+SimHwuC8MZ9cjByQulAMgni+RkXeI3wwctHJEI=
cloud.google.com/go/longrunning v0.5.1 h1:Fr7TXftcqTudoyRJa113hyaqlGdiBQkp0Gq7tErFDWI=
cloud.google.com/go/longrunning v0.5.1/go.mod h1:spvimkwdz6SPWKEt/XBij79E9fiTkHSQl/fRUUQJYJc=
cloud.google.com/go/managedidentities v1.6.1 h1:2/qZuOeLgUHorSdxSQGtnOu9xQkBn37+j+oZQv/KHJY=
cloud.google.com/go/managedidentities v1.6.1/go.mod h1:h/irGhTN2SkZ64F43tfGPMbHnypMbu4RB3yl8YcuEak=
cloud.google.com/go/maps v1.4.0 h1:PdfgpBLhAoSzZrQXP+/zBc78fIPLZSJp5y8+qSMn2UU=
cloud.google.com/go/maps v1.4.0/go.mod h1:6mWTUv+WhnOwAgjVsSW2QPPECmW+s3PcRyOa9vgG/5s=
cloud.google.com/go/mediatranslation v0.8.1 h1:50cF7c1l3BanfKrpnTCaTvhf+Fo6kdF21DG0byG7gYU=
cloud.google.com/go/mediatranslation v0.8.1/go.mod h1:L/7hBdEYbYHQJhX2sldtTO5SZZ1C1vkapubj0T2aGig=
cloud.google.com/go/memcache v1.10.1 h1:7lkLsF0QF+Mre0O/NvkD9Q5utUNwtzvIYjrOLOs0HO0=
cloud.google.com/go/memcache v1.10.1/go.mod h1:47YRQIarv4I3QS5+hoETgKO40InqzLP6kpNLvyXuyaA=
cloud.google.com/go/metastore v1.12.0 h1:+9DsxUOHvsqvC0ylrRc/JwzbXJaaBpfIK3tX0Lx8Tcc=
cloud.google.com/go/metastore v1.12.0/go.mod h1:uZuSo80U3Wd4zi6C22ZZliOUJ3XeM/MlYi/z5OAOWRA=
cloud.google.com/go/monitoring v1.16.0 h1:rlndy4K8yknMY9JuGe2aK4SbCh21FXoCdX7SAGHmRgI=
cloud.google.com/go/monitoring v1.16.0/go.mod h1:Ptp15HgAyM1fNICAojDMoNc/wUmn67mLHQfyqbw+poY=
cloud.google.com/go/networkconnectivity v1.13.0 h1:kG2PX6URJ9Kvotfdm+hH8WIhrRY77sAKytUGOz+MgN0=
cloud.google.com/go/networkconnectivity v1.13.0/go.mod h1:SAnGPes88pl7QRLUen2HmcBSE9AowVAcdug8c0RSBFk=
cloud.google.com/go/networkmanagement v1.9.0 h1:aA6L8aioyM4S6nlPYzp2SvB88lBcByZmqMJM6ReafzU=
cloud.google.com/go/networkmanagement v1.9.0/go.mod h1:UTUaEU9YwbCAhhz3jEOHr+2/K/MrBk2XxOLS89LQzFw=
cloud.google.com/go/networksecurity v0.9.1 h1:TBLEkMp3AE+6IV/wbIGRNTxnqLXHCTEQWoxRVC18TzY=
cloud.google.com/go/networksecurity v0.9.1/go.mod h1:MCMdxOKQ30wsBI1eI659f9kEp4wuuAueoC9AJKSPWZQ=
cloud.google.com/go/notebooks v1.10.0 h1:6x2K1JAWv6RW2yQO6oa+xtKUGOpGQseCmT94vpOt1vc=
cloud.google.com/go/notebooks v1.10.0/go.mod h1:SOPYMZnttHxqot0SGSFSkRrwE29eqnKPBJFqgWmiK2k=
cloud.google.com/go/optimization v1.5.0 h1:sGvPVtBJUKNYAwldhJvFmnM+EEdOXjDzjcly3g0n0Xg=
cloud.google.com/go/optimization v1.5.0/go.mod h1:evo1OvTxeBRBu6ydPlrIRizKY/LJKo/drDMMRKqGEUU=
cloud.google.com/go/orchestration v1.8.1 h1:KmN18kE/xa1n91cM5jhCh7s1/UfIguSCisw7nTMUzgE=
cloud.google.com/go/orchestration v1.8.1/go.mod h1:4sluRF3wgbYVRqz7zJ1/EUNc90TTprliq9477fGobD8=
cloud.google.com/go/orgpolicy v1.11.1 h1:I/7dHICQkNwym9erHqmlb50LRU588NPCvkfIY0Bx9jI=
cloud.google.com/go/orgpolicy v1.11.1/go.mod h1:8+E3jQcpZJQliP+zaFfayC2Pg5bmhuLK755wKhIIUCE=
cloud.google.com/go/osconfig v1.12.1 h1:dgyEHdfqML6cUW6/MkihNdTVc0INQst0qSE8Ou1ub9c=
cloud.google.com/go/osconfig v1.12.1/go.mod h1:4CjBxND0gswz2gfYRCUoUzCm9zCABp91EeTtWXyz0tE=
cloud.google.com/go/oslogin v1.10.1 h1:LdSuG3xBYu2Sgr3jTUULL1XCl5QBx6xwzGqzoDUw1j0=
cloud.google.com/go/oslogin v1.10.1/go.mod h1:x692z7yAue5nE7CsSnoG0aaMbNoRJRXO4sn73R+ZqAs=
cloud.google.com/go/phishingprotection v0.8.1 h1:aK/lNmSd1vtbft/vLe2g7edXK72sIQbqr2QyrZN/iME=
cloud.google.com/go/phishingprotection v0.8.1/go.mod h1:AxonW7GovcA8qdEk13NfHq9hNx5KPtfxXNeUxTDxB6I=
cloud.google.com/go/policytroubleshooter v1.9.0 h1:pT4qSiL5o0hBSWHDiOcmes/s301PeLLWEhAr/eMQB/g=
cloud.google.com/go/policytroubleshooter v1.9.0/go.mod h1:+E2Lga7TycpeSTj2FsH4oXxTnrbHJGRlKhVZBLGgU64=
cloud.google.com/go/privatecatalog v0.9.1 h1:B/18xGo+E0EMS9LOEQ0zXz7F2asMgmVgTYGSI89MHOA=
cloud.google.com/go/privatecatalog v0.9.1/go.mod h1:0XlDXW2unJXdf9zFz968Hp35gl/bhF4twwpXZAW50JA=
cloud.google.com/go/pubsub v1.33.0 h1:6SPCPvWav64tj0sVX/+npCBKhUi/UjJehy9op/V3p2g=
cloud.google.com/go/pubsub v1.33.0/go.mod h1:f+w71I33OMyxf9VpMVcZbnG5KSUkCOUHYpFd5U1GdRc=
cloud.google.com/go/pubsublite v1.8.1 h1:pX+idpWMIH30/K7c0epN6V703xpIcMXWRjKJsz0tYGY=
cloud.google.com/go/pubsublite v1.8.1/go.mod h1:fOLdU4f5xldK4RGJrBMm+J7zMWNj/k4PxwEZXy39QS0=
cloud.google.com/go/recaptchaenterprise/v2 v2.7.2 h1:IGkbudobsTXAwmkEYOzPCQPApUCsN4Gbq3ndGVhHQpI=
cloud.google.com/go/recaptchaenterprise/v2 v2.7.2/go.mod h1:kR0KjsJS7Jt1YSyWFkseQ756D45kaYNTlDPPaRAvDBU=
cloud.google.com/go/recommendationengine v0.8.1 h1:nMr1OEVHuDambRn+/y4RmNAmnR/pXCuHtH0Y4tCgGRQ=
cloud.google.com/go/recommendationengine v0.8.1/go.mod h1:MrZihWwtFYWDzE6Hz5nKcNz3gLizXVIDI/o3G1DLcrE=
cloud.google.com/go/recommender v1.11.0 h1:SuzbMJhDAiPro7tR9QP7EX97+TI31urjsIgNh9XQHl8=
cloud.google.com/go/recommender v1.11.0/go.mod h1:kPiRQhPyTJ9kyXPCG6u/dlPLbYfFlkwHNRwdzPVAoII=
cloud.google.com/go/redis v1.13.1 h1:YrjQnCC7ydk+k30op7DSjSHw1yAYhqYXFcOq1bSXRYA=
cloud.google.com/go/redis v1.13.1/go.mod h1:VP7DGLpE91M6bcsDdMuyCm2hIpB6Vp2hI090Mfd1tcg=
cloud.google.com/go/resourcemanager v1.9.1 h1:QIAMfndPOHR6yTmMUB0ZN+HSeRmPjR/21Smq5/xwghI=
cloud.google.com/go/resourcemanager v1.9.1/go.mod h1:dVCuosgrh1tINZ/RwBufr8lULmWGOkPS8gL5gqyjdT8=
cloud.google.com/go/resourcesettings v1.6.1 h1:Fdyq418U69LhvNPFdlEO29w+DRRjwDA4/pFamm4ksAg=
cloud.google.com/go/resourcesettings v1.6.1/go.mod h1:M7mk9PIZrC5Fgsu1kZJci6mpgN8o0IUzVx3eJU3y4Jw=
cloud.google.com/go/retail v1.14.1 h1:gYBrb9u/Hc5s5lUTFXX1Vsbc/9BEvgtioY6ZKaK0DK8=
cloud.google.com/go/retail v1.14.1/go.mod h1:y3Wv3Vr2k54dLNIrCzenyKG8g8dhvhncT2NcNjb/6gE=
cloud.google.com/go/run v1.2.0 h1:kHeIG8q+N6Zv0nDkBjSOYfK2eWqa5FnaiDPH/7/HirE=
cloud.google.com/go/run v1.2.0/go.mod h1:36V1IlDzQ0XxbQjUx6IYbw8H3TJnWvhii963WW3B/bo=
cloud.google.com/go/scheduler v1.10.1 h1:yoZbZR8880KgPGLmACOMCiY2tPk+iX4V/dkxqTirlz8=
cloud.google.com/go/scheduler v1.10.1/go.mod h1:R63Ldltd47Bs4gnhQkmNDse5w8gBRrhObZ54PxgR2Oo=
cloud.google.com/go/secretmanager v1.11.1 h1:cLTCwAjFh9fKvU6F13Y4L9vPcx9yiWPyWXE4+zkuEQs=
cloud.google.com/go/secretmanager v1.11.1/go.mod h1:znq9JlXgTNdBeQk9TBW/FnR/W4uChEKGeqQWAJ8SXFw=
cloud.google.com/go/security v1.15.1 h1:jR3itwycg/TgGA0uIgTItcVhA55hKWiNJxaNNpQJaZE=
cloud.google.com/go/security v1.15.1/go.mod h1:MvTnnbsWnehoizHi09zoiZob0iCHVcL4AUBj76h9fXA=
cloud.google.com/go/securitycenter v1.23.0 h1:XOGJ9OpnDtqg8izd7gYk/XUhj8ytjIalyjjsR6oyG0M=
cloud.google.com/go/securitycenter v1.23.0/go.mod h1:8pwQ4n+Y9WCWM278R8W3nF65QtY172h4S8aXyI9/hsQ=
cloud.google.com/go/servicedirectory v1.11.0 h1:pBWpjCFVGWkzVTkqN3TBBIqNSoSHY86/6RL0soSQ4z8=
cloud.google.com/go/servicedirectory v1.11.0/go.mod h1:Xv0YVH8s4pVOwfM/1eMTl0XJ6bzIOSLDt8f8eLaGOxQ=
cloud.google.com/go/shell v1.7.1 h1:aHbwH9LSqs4r2rbay9f6fKEls61TAjT63jSyglsw7sI=
cloud.google.com/go/shell v1.7.1/go.mod h1:u1RaM+huXFaTojTbW4g9P5emOrrmLE69KrxqQahKn4g=
cloud.google.com/go/spanner v1.49.0 h1:+HY8C4uztU7XyLz3xMi/LCXdetLEOExhvRFJu2NiVXM=
cloud.google.com/go/spanner v1.49.0/go.mod h1:eGj9mQGK8+hkgSVbHNQ06pQ4oS+cyc4tXXd6Dif1KoM=
cloud.google.com/go/speech v1.19.0 h1:MCagaq8ObV2tr1kZJcJYgXYbIn8Ai5rp42tyGYw9rls=
cloud.google.com/go/speech v1.19.0/go.mod h1:8rVNzU43tQvxDaGvqOhpDqgkJTFowBpDvCJ14kGlJYo=
cloud.google.com/go/storagetransfer v1.10.0 h1:+ZLkeXx0K0Pk5XdDmG0MnUVqIR18lllsihU/yq39I8Q=
cloud.google.com/go/storagetransfer v1.10.0/go.mod h1:DM4sTlSmGiNczmV6iZyceIh2dbs+7z2Ayg6YAiQlYfA=
cloud.google.com/go/talent v1.6.2 h1:j46ZgD6N2YdpFPux9mc7OAf4YK3tiBCsbLKc8rQx+bU=
cloud.google.com/go/talent v1.6.2/go.mod h1:CbGvmKCG61mkdjcqTcLOkb2ZN1SrQI8MDyma2l7VD24=
cloud.google.com/go/texttospeech v1.7.1 h1:S/pR/GZT9p15R7Y2dk2OXD/3AufTct/NSxT4a7nxByw=
cloud.google.com/go/texttospeech v1.7.1/go.mod h1:m7QfG5IXxeneGqTapXNxv2ItxP/FS0hCZBwXYqucgSk=
cloud.google.com/go/tpu v1.6.1 h1:kQf1jgPY04UJBYYjNUO+3GrZtIb57MfGAW2bwgLbR3A=
cloud.google.com/go/tpu v1.6.1/go.mod h1:sOdcHVIgDEEOKuqUoi6Fq53MKHJAtOwtz0GuKsWSH3E=
cloud.google.com/go/trace v1.10.1 h1:EwGdOLCNfYOOPtgqo+D2sDLZmRCEO1AagRTJCU6ztdg=
cloud.google.com/go/trace v1.10.1/go.mod h1:gbtL94KE5AJLH3y+WVpfWILmqgc6dXcqgNXdOPAQTYk=
cloud.google.com/go/translate v1.9.0 h1:0na4gC54Lu05ir00dmUSuMkLAojDe1ALq4hBTUkhwjE=
cloud.google.com/go/translate v1.9.0/go.mod h1:d1ZH5aaOA0CNhWeXeC8ujd4tdCFw8XoNWRljklu5RHs=
cloud.google.com/go/video v1.20.0 h1:AkjXyJfQ7DtPyDOAbTMeiGcuKsO8/iKSb3fAmTUHYSg=
cloud.google.com/go/video v1.20.0/go.mod h1:U3G3FTnsvAGqglq9LxgqzOiBc/Nt8zis8S+850N2DUM=
cloud.google.com/go/videointelligence v1.11.1 h1:MBMWnkQ78GQnRz5lfdTAbBq/8QMCF3wahgtHh3s/J+k=
cloud.google.com/go/videointelligence v1.11.1/go.mod h1:76xn/8InyQHarjTWsBR058SmlPCwQjgcvoW0aZykOvo=
cloud.google.com/go/vision/v2 v2.7.2 h1:ccK6/YgPfGHR/CyESz1mvIbsht5Y2xRsWCPqmTNydEw=
cloud.google.com/go/vision/v2 v2.7.2/go.mod h1:jKa8oSYBWhYiXarHPvP4USxYANYUEdEsQrloLjrSwJU=
cloud.google.com/go/vmmigration v1.7.1 h1:gnjIclgqbEMc+cF5IJuPxp53wjBIlqZ8h9hE8Rkwp7A=
cloud.google.com/go/vmmigration v1.7.1/go.mod h1:WD+5z7a/IpZ5bKK//YmT9E047AD+rjycCAvyMxGJbro=
cloud.google.com/go/vmwareengine v1.0.0 h1:qsJ0CPlOQu/3MFBGklu752v3AkD+Pdu091UmXJ+EjTA=
cloud.google.com/go/vmwareengine v1.0.0/go.mod h1:Px64x+BvjPZwWuc4HdmVhoygcXqEkGHXoa7uyfTgSI0=
cloud.google.com/go/vpcaccess v1.7.1 h1:ram0GzjNWElmbxXMIzeOZUkQ9J8ZAahD6V8ilPGqX0Y=
cloud.google.com/go/vpcaccess v1.7.1/go.mod h1:FogoD46/ZU+JUBX9D606X21EnxiszYi2tArQwLY4SXs=
cloud.google.com/go/webrisk v1.9.1 h1:Ssy3MkOMOnyRV5H2bkMQ13Umv7CwB/kugo3qkAX83Fk=
cloud.google.com/go/webrisk v1.9.1/go.mod h1:4GCmXKcOa2BZcZPn6DCEvE7HypmEJcJkr4mtM+sqYPc=
cloud.google.com/go/websecurityscanner v1.6.1 h1:CfEF/vZ+xXyAR3zC9iaC/QRdf1MEgS20r5UR17Q4gOg=
cloud.google.com/go/websecurityscanner v1.6.1/go.mod h1:Njgaw3rttgRHXzwCB8kgCYqv5/rGpFCsBOvPbYgszpg=
cloud.google.com/go/workflows v1.12.0 h1:cSUlx4PVV9O0vYCl+pHAUmu0996A7eN602d4wjjVHRs=
cloud.google.com/go/workflows v1.12.0/go.mod h1:PYhSk2b6DhZ508tj8HXKaBh+OFe+xdl0dHF/tJdzPQM=
github.com/golang/protobuf v1.5.0/go.mod h1:FsONVRAS9T7sI+LIUmWTfcYkHO4aIWwzhcaSAoJOfIk=
github.com/golang/protobuf v1.5.3 h1:KhyjKVUg7Usr/dYsdSqoFveMYd5ko72D+zANwlG1mmg=
github.com/golang/protobuf v1.5.3/go.mod h1:XVQd3VNwM+JqD3oG2Ue2ip4fOMUkwXdXDdiuN0vRsmY=
github.com/google/go-cmp v0.5.5/go.mod h1:v8dTdLbMG2kIc/vJvl+f65V22dbkXbowE6jgT/gNBxE=
github.com/google/go-cmp v0.5.9 h1:O2Tfq5qg4qc4AmwVlvv0oLiVAGB7enBSJ2x2DqQFi38=
golang.org/x/net v0.10.0 h1:X2//UzNDwYmtCLn7To6G58Wr6f5ahEAQgKNzv9Y951M=
golang.org/x/net v0.10.0/go.mod h1:0qNGK6F8kojg2nk9dLZ2mShWaEBan6FAoqfSigmmuDg=
golang.org/x/sys v0.8.0 h1:EBmGv8NaZBZTWvrbjNoL6HVt+IVy3QDQpJs7VRIw3tU=
golang.org/x/sys v0.8.0/go.mod h1:oPkhp1MJrh7nUepCBck5+mAzfO9JrbApNNgaTdGDITg=
golang.org/x/text v0.9.0 h1:2sjJmO8cDvYveuX97RDLsxlyUxLl+GHoLxBiRdHllBE=
golang.org/x/text v0.9.0/go.mod h1:e1OnstbJyHTd6l/uOt8jFFHp6TRDWZR/bV3emEE/zU8=
golang.org/x/xerrors v0.0.0-20191204190536-9bdfabe68543/go.mod h1:I/5z698sn9Ka8TeJc9MKroUUfqBBauWjQqLJ2OPfmY0=
google.golang.org/genproto/googleapis/api v0.0.0-20230920204549-e6e6cdab5c13 h1:U7+wNaVuSTaUqNvK2+osJ9ejEZxbjHHk8F2b6Hpx0AE=
google.golang.org/genproto/googleapis/api v0.0.0-20230920204549-e6e6cdab5c13/go.mod h1:RdyHbowztCGQySiCvQPgWQWgWhGnouTdCflKoDBt32U=
google.golang.org/genproto/googleapis/rpc v0.0.0-20230920204549-e6e6cdab5c13 h1:N3bU/SQDCDyD6R528GJ/PwW9KjYcJA3dgyH+MovAkIM=
google.golang.org/genproto/googleapis/rpc v0.0.0-20230920204549-e6e6cdab5c13/go.mod h1:KSqppvjFjtoCI+KGd4PELB0qLNxdJHRGqRI09mB6pQA=
google.golang.org/grpc v1.57.0 h1:kfzNeI/klCGD2YPMUlaGNT3pxvYfga7smW3Vth8Zsiw=
google.golang.org/grpc v1.57.0/go.mod h1:Sd+9RMTACXwmub0zcNY2c4arhtrbBYD1AUHI/dt16Mo=
google.golang.org/protobuf v1.26.0-rc.1/go.mod h1:jlhhOSvTdKEhbULTjvd4ARK9grFBp09yW+WbY/TyQbw=
google.golang.org/protobuf v1.26.0/go.mod h1:9q0QmTI4eRPtz6boOQmLYwt+qCgq0jsYwAQnmE0givc=
google.golang.org/protobuf v1.31.0 h1:g0LDEJHgrBl9N9r17Ru3sqWhkIx2NB67okBHPwC7hs8=
google.golang.org/protobuf v1.31.0/go.mod h1:HV8QOd/L58Z+nl8r43ehVNZIU/HEI6OcFqwMG9pJV4I=
